
Microsoft Visual Studio Solution File, Format Version 12.00
# Visual Studio 15
VisualStudioVersion = 15.0.27130.2020
MinimumVisualStudioVersion = 10.0.40219.1
Project("{FAE04EC0-301F-11D3-BF4B-00C04F79EFBC}") = "palindromsayi", "palindromsayi\palindromsayi.csproj", "{BC94934E-EAFC-4DF8-9B8F-AD3729EA8537}"
EndProject
Global
	GlobalSection(SolutionConfigurationPlatforms) = preSolution
		Debug|Any CPU = Debug|Any CPU
		Release|Any CPU = Release|Any CPU
	EndGlobalSection
	GlobalSection(ProjectConfigurationPlatforms) = postSolution
		{BC94934E-EAFC-4DF8-9B8F-AD3729EA8537}.Debug|Any CPU.ActiveCfg = Debug|Any CPU
		{BC94934E-EAFC-4DF8-9B8F-AD3729EA8537}.Debug|Any CPU.Build.0 = Debug|Any CPU
		{BC94934E-EAFC-4DF8-9B8F-AD3729EA8537}.Release|Any CPU.ActiveCfg = Release|Any CPU
		{BC94934E-EAFC-4DF8-9B8F-AD3729EA8537}.Release|Any CPU.Build.0 = Release|Any CPU
	EndGlobalSection
	GlobalSection(SolutionProperties) = preSolution
		HideSolutionNode = FALSE
	EndGlobalSection
	GlobalSection(ExtensibilityGlobals) = postSolution
		SolutionGuid = {707A6C31-A479-45BF-BE6B-8C56C907C3BA}
	EndGlobalSection
EndGlobal
